// !$*UTF8*$!
{
	archiveVersion = 1;
	classes = {
	};
	objectVersion = 46;
	objects = {

/* Begin PBXBuildFile section */
		7A01424C1E5FFFF100D9B06E /* SnellRoundhand.ttc in Resources */ = {isa = PBXBuildFile; fileRef = 7A01424B1E5FFFF100D9B06E /* SnellRoundhand.ttc */; };
		7A01424E1E61456E00D9B06E /* Copperplate.ttc in Resources */ = {isa = PBXBuildFile; fileRef = 7A01424D1E61456E00D9B06E /* Copperplate.ttc */; };
		7A0142521E614AB300D9B06E /* Streetwear.otf in Resources */ = {isa = PBXBuildFile; fileRef = 7A0142511E614AB300D9B06E /* Streetwear.otf */; };
		7A0142541E614BF900D9B06E /* Nexa Bold.otf in Resources */ = {isa = PBXBuildFile; fileRef = 7A0142531E614BF900D9B06E /* Nexa Bold.otf */; };
		7A0142561E614D2400D9B06E /* WalkwayObliqueBlack.ttf in Resources */ = {isa = PBXBuildFile; fileRef = 7A0142551E614D2400D9B06E /* WalkwayObliqueBlack.ttf */; };
		7A0142581E614D5900D9B06E /* WalkwayExpandSemiBold.ttf in Resources */ = {isa = PBXBuildFile; fileRef = 7A0142571E614D5900D9B06E /* WalkwayExpandSemiBold.ttf */; };
		7A01425E1E6157DA00D9B06E /* LeagueGothic-CondensedRegular.otf in Resources */ = {isa = PBXBuildFile; fileRef = 7A01425D1E6157DA00D9B06E /* LeagueGothic-CondensedRegular.otf */; };
		7A0142621E615A7A00D9B06E /* OstrichSans-Medium.otf in Resources */ = {isa = PBXBuildFile; fileRef = 7A0142611E615A7A00D9B06E /* OstrichSans-Medium.otf */; };
		7A0142641E615AA600D9B06E /* OstrichSans-Black.otf in Resources */ = {isa = PBXBuildFile; fileRef = 7A0142631E615AA600D9B06E /* OstrichSans-Black.otf */; };
		7A3307791E387FBB00BC47BA /* AppDelegate.swift in Sources */ = {isa = PBXBuildFile; fileRef = 7A3307781E387FBB00BC47BA /* AppDelegate.swift */; };
		7A33077B1E387FBB00BC47BA /* ViewController.swift in Sources */ = {isa = PBXBuildFile; fileRef = 7A33077A1E387FBB00BC47BA /* ViewController.swift */; };
		7A33077E1E387FBB00BC47BA /* Main.storyboard in Resources */ = {isa = PBXBuildFile; fileRef = 7A33077C1E387FBB00BC47BA /* Main.storyboard */; };
		7A3307801E387FBB00BC47BA /* Assets.xcassets in Resources */ = {isa = PBXBuildFile; fileRef = 7A33077F1E387FBB00BC47BA /* Assets.xcassets */; };
		7A3307831E387FBB00BC47BA /* LaunchScreen.storyboard in Resources */ = {isa = PBXBuildFile; fileRef = 7A3307811E387FBB00BC47BA /* LaunchScreen.storyboard */; };
		7A33078E1E387FBB00BC47BA /* MyLastRunTests.swift in Sources */ = {isa = PBXBuildFile; fileRef = 7A33078D1E387FBB00BC47BA /* MyLastRunTests.swift */; };
		7A4AD4B91E3B362B00A79076 /* PhotoPickerViewController.swift in Sources */ = {isa = PBXBuildFile; fileRef = 7A4AD4B81E3B362B00A79076 /* PhotoPickerViewController.swift */; };
		7AD2B7E41E58C8CC00612025 /* AddWorkoutViewController.swift in Sources */ = {isa = PBXBuildFile; fileRef = 7AD2B7E31E58C8CC00612025 /* AddWorkoutViewController.swift */; };
		7AD952C21E51487D00BE7C56 /* HealthKit.framework in Frameworks */ = {isa = PBXBuildFile; fileRef = 7AD952C11E51487D00BE7C56 /* HealthKit.framework */; };
		7AD952C61E518A7200BE7C56 /* HealthKitManager.swift in Sources */ = {isa = PBXBuildFile; fileRef = 7AD952C51E518A7200BE7C56 /* HealthKitManager.swift */; };
		7AF6FB771E3CF77000DB520B /* aqua.ttf in Resources */ = {isa = PBXBuildFile; fileRef = 7AF6FB761E3CF77000DB520B /* aqua.ttf */; };
/* End PBXBuildFile section */

/* Begin PBXContainerItemProxy section */
		7A33078A1E387FBB00BC47BA /* PBXContainerItemProxy */ = {
			isa = PBXContainerItemProxy;
			containerPortal = 7A33076D1E387FBB00BC47BA /* Project object */;
			proxyType = 1;
			remoteGlobalIDString = 7A3307741E387FBB00BC47BA;
			remoteInfo = MyLastRun;
		};
/* End PBXContainerItemProxy section */

/* Begin PBXFileReference section */
		7A01424B1E5FFFF100D9B06E /* SnellRoundhand.ttc */ = {isa = PBXFileReference; lastKnownFileType = file; path = SnellRoundhand.ttc; sourceTree = "<group>"; };
		7A01424D1E61456E00D9B06E /* Copperplate.ttc */ = {isa = PBXFileReference; lastKnownFileType = file; path = Copperplate.ttc; sourceTree = "<group>"; };
		7A0142511E614AB300D9B06E /* Streetwear.otf */ = {isa = PBXFileReference; lastKnownFileType = file; path = Streetwear.otf; sourceTree = "<group>"; };
		7A0142531E614BF900D9B06E /* Nexa Bold.otf */ = {isa = PBXFileReference; lastKnownFileType = file; path = "Nexa Bold.otf"; sourceTree = "<group>"; };
		7A0142551E614D2400D9B06E /* WalkwayObliqueBlack.ttf */ = {isa = PBXFileReference; lastKnownFileType = file; path = WalkwayObliqueBlack.ttf; sourceTree = "<group>"; };
		7A0142571E614D5900D9B06E /* WalkwayExpandSemiBold.ttf */ = {isa = PBXFileReference; lastKnownFileType = file; path = WalkwayExpandSemiBold.ttf; sourceTree = "<group>"; };
		7A01425D1E6157DA00D9B06E /* LeagueGothic-CondensedRegular.otf */ = {isa = PBXFileReference; lastKnownFileType = file; path = "LeagueGothic-CondensedRegular.otf"; sourceTree = "<group>"; };
		7A0142611E615A7A00D9B06E /* OstrichSans-Medium.otf */ = {isa = PBXFileReference; lastKnownFileType = file; path = "OstrichSans-Medium.otf"; sourceTree = "<group>"; };
		7A0142631E615AA600D9B06E /* OstrichSans-Black.otf */ = {isa = PBXFileReference; lastKnownFileType = file; path = "OstrichSans-Black.otf"; sourceTree = "<group>"; };
		7A3307751E387FBB00BC47BA /* My Last Run.app */ = {isa = PBXFileReference; explicitFileType = wrapper.application; includeInIndex = 0; path = "My Last Run.app"; sourceTree = BUILT_PRODUCTS_DIR; };
		7A3307781E387FBB00BC47BA /* AppDelegate.swift */ = {isa = PBXFileReference; lastKnownFileType = sourcecode.swift; path = AppDelegate.swift; sourceTree = "<group>"; };
		7A33077A1E387FBB00BC47BA /* ViewController.swift */ = {isa = PBXFileReference; lastKnownFileType = sourcecode.swift; path = ViewController.swift; sourceTree = "<group>"; };
		7A33077D1E387FBB00BC47BA /* Base */ = {isa = PBXFileReference; lastKnownFileType = file.storyboard; name = Base; path = Base.lproj/Main.storyboard; sourceTree = "<group>"; };
		7A33077F1E387FBB00BC47BA /* Assets.xcassets */ = {isa = PBXFileReference; lastKnownFileType = folder.assetcatalog; path = Assets.xcassets; sourceTree = "<group>"; };
		7A3307821E387FBB00BC47BA /* Base */ = {isa = PBXFileReference; lastKnownFileType = file.storyboard; name = Base; path = Base.lproj/LaunchScreen.storyboard; sourceTree = "<group>"; };
		7A3307841E387FBB00BC47BA /* Info.plist */ = {isa = PBXFileReference; lastKnownFileType = text.plist.xml; path = Info.plist; sourceTree = "<group>"; };
		7A3307891E387FBB00BC47BA /* My Last RunTests.xctest */ = {isa = PBXFileReference; explicitFileType = wrapper.cfbundle; includeInIndex = 0; path = "My Last RunTests.xctest"; sourceTree = BUILT_PRODUCTS_DIR; };
		7A33078D1E387FBB00BC47BA /* MyLastRunTests.swift */ = {isa = PBXFileReference; lastKnownFileType = sourcecode.swift; path = MyLastRunTests.swift; sourceTree = "<group>"; };
		7A33078F1E387FBB00BC47BA /* Info.plist */ = {isa = PBXFileReference; lastKnownFileType = text.plist.xml; path = Info.plist; sourceTree = "<group>"; };
		7A4AD4B81E3B362B00A79076 /* PhotoPickerViewController.swift */ = {isa = PBXFileReference; fileEncoding = 4; lastKnownFileType = sourcecode.swift; path = PhotoPickerViewController.swift; sourceTree = "<group>"; };
		7AD2B7E31E58C8CC00612025 /* AddWorkoutViewController.swift */ = {isa = PBXFileReference; fileEncoding = 4; lastKnownFileType = sourcecode.swift; path = AddWorkoutViewController.swift; sourceTree = "<group>"; };
		7AD952BF1E51487D00BE7C56 /* My Last Run.entitlements */ = {isa = PBXFileReference; lastKnownFileType = text.plist.entitlements; path = "My Last Run.entitlements"; sourceTree = "<group>"; };
		7AD952C11E51487D00BE7C56 /* HealthKit.framework */ = {isa = PBXFileReference; lastKnownFileType = wrapper.framework; name = HealthKit.framework; path = System/Library/Frameworks/HealthKit.framework; sourceTree = SDKROOT; };
		7AD952C51E518A7200BE7C56 /* HealthKitManager.swift */ = {isa = PBXFileReference; fileEncoding = 4; lastKnownFileType = sourcecode.swift; path = HealthKitManager.swift; sourceTree = "<group>"; };
		7AF6FB761E3CF77000DB520B /* aqua.ttf */ = {isa = PBXFileReference; lastKnownFileType = file; path = aqua.ttf; sourceTree = "<group>"; };
/* End PBXFileReference section */

/* Begin PBXFrameworksBuildPhase section */
		7A3307721E387FBB00BC47BA /* Frameworks */ = {
			isa = PBXFrameworksBuildPhase;
			buildActionMask = 2147483647;
			files = (
				7AD952C21E51487D00BE7C56 /* HealthKit.framework in Frameworks */,
			);
			runOnlyForDeploymentPostprocessing = 0;
		};
		7A3307861E387FBB00BC47BA /* Frameworks */ = {
			isa = PBXFrameworksBuildPhase;
			buildActionMask = 2147483647;
			files = (
			);
			runOnlyForDeploymentPostprocessing = 0;
		};
/* End PBXFrameworksBuildPhase section */

/* Begin PBXGroup section */
		7A33076C1E387FBB00BC47BA = {
			isa = PBXGroup;
			children = (
				7AD952BF1E51487D00BE7C56 /* My Last Run.entitlements */,
				7A3307771E387FBB00BC47BA /* MyLastRun */,
				7A33078C1E387FBB00BC47BA /* MyLastRunTests */,
				7A3307761E387FBB00BC47BA /* Products */,
				7AD952C01E51487D00BE7C56 /* Frameworks */,
			);
			sourceTree = "<group>";
		};
		7A3307761E387FBB00BC47BA /* Products */ = {
			isa = PBXGroup;
			children = (
				7A3307751E387FBB00BC47BA /* My Last Run.app */,
				7A3307891E387FBB00BC47BA /* My Last RunTests.xctest */,
			);
			name = Products;
			sourceTree = "<group>";
		};
		7A3307771E387FBB00BC47BA /* MyLastRun */ = {
			isa = PBXGroup;
			children = (
				7A3307781E387FBB00BC47BA /* AppDelegate.swift */,
				7A33077A1E387FBB00BC47BA /* ViewController.swift */,
				7A33077C1E387FBB00BC47BA /* Main.storyboard */,
				7A4AD4B81E3B362B00A79076 /* PhotoPickerViewController.swift */,
				7A33077F1E387FBB00BC47BA /* Assets.xcassets */,
				7A01424B1E5FFFF100D9B06E /* SnellRoundhand.ttc */,
				7AF6FB761E3CF77000DB520B /* aqua.ttf */,
				7A0142531E614BF900D9B06E /* Nexa Bold.otf */,
				7A01425D1E6157DA00D9B06E /* LeagueGothic-CondensedRegular.otf */,
				7A01424D1E61456E00D9B06E /* Copperplate.ttc */,
				7A0142631E615AA600D9B06E /* OstrichSans-Black.otf */,
				7A0142611E615A7A00D9B06E /* OstrichSans-Medium.otf */,
				7A0142511E614AB300D9B06E /* Streetwear.otf */,
				7A0142551E614D2400D9B06E /* WalkwayObliqueBlack.ttf */,
				7A0142571E614D5900D9B06E /* WalkwayExpandSemiBold.ttf */,
				7A3307811E387FBB00BC47BA /* LaunchScreen.storyboard */,
				7A3307841E387FBB00BC47BA /* Info.plist */,
				7AD952C51E518A7200BE7C56 /* HealthKitManager.swift */,
				7AD2B7E31E58C8CC00612025 /* AddWorkoutViewController.swift */,
			);
			path = MyLastRun;
			sourceTree = "<group>";
		};
		7A33078C1E387FBB00BC47BA /* MyLastRunTests */ = {
			isa = PBXGroup;
			children = (
				7A33078D1E387FBB00BC47BA /* MyLastRunTests.swift */,
				7A33078F1E387FBB00BC47BA /* Info.plist */,
			);
			path = MyLastRunTests;
			sourceTree = "<group>";
		};
		7AD952C01E51487D00BE7C56 /* Frameworks */ = {
			isa = PBXGroup;
			children = (
				7AD952C11E51487D00BE7C56 /* HealthKit.framework */,
			);
			name = Frameworks;
			sourceTree = "<group>";
		};
/* End PBXGroup section */

/* Begin PBXNativeTarget section */
		7A3307741E387FBB00BC47BA /* My Last Run */ = {
			isa = PBXNativeTarget;
			buildConfigurationList = 7A3307921E387FBB00BC47BA /* Build configuration list for PBXNativeTarget "My Last Run" */;
			buildPhases = (
				7A3307711E387FBB00BC47BA /* Sources */,
				7A3307721E387FBB00BC47BA /* Frameworks */,
				7A3307731E387FBB00BC47BA /* Resources */,
			);
			buildRules = (
			);
			dependencies = (
			);
			name = "My Last Run";
			productName = MyLastRun;
			productReference = 7A3307751E387FBB00BC47BA /* My Last Run.app */;
			productType = "com.apple.product-type.application";
		};
		7A3307881E387FBB00BC47BA /* My Last RunTests */ = {
			isa = PBXNativeTarget;
			buildConfigurationList = 7A3307951E387FBB00BC47BA /* Build configuration list for PBXNativeTarget "My Last RunTests" */;
			buildPhases = (
				7A3307851E387FBB00BC47BA /* Sources */,
				7A3307861E387FBB00BC47BA /* Frameworks */,
				7A3307871E387FBB00BC47BA /* Resources */,
			);
			buildRules = (
			);
			dependencies = (
				7A33078B1E387FBB00BC47BA /* PBXTargetDependency */,
			);
			name = "My Last RunTests";
			productName = MyLastRunTests;
			productReference = 7A3307891E387FBB00BC47BA /* My Last RunTests.xctest */;
			productType = "com.apple.product-type.bundle.unit-test";
		};
/* End PBXNativeTarget section */

/* Begin PBXProject section */
		7A33076D1E387FBB00BC47BA /* Project object */ = {
			isa = PBXProject;
			attributes = {
				LastSwiftUpdateCheck = 0820;
				LastUpgradeCheck = 0820;
				ORGANIZATIONNAME = "Mike Mariano";
				TargetAttributes = {
					7A3307741E387FBB00BC47BA = {
						CreatedOnToolsVersion = 8.2.1;
						DevelopmentTeam = 87JCH7AUCM;
						ProvisioningStyle = Automatic;
						SystemCapabilities = {
							com.apple.BackgroundModes = {
								enabled = 0;
							};
							com.apple.HealthKit = {
								enabled = 1;
							};
						};
					};
					7A3307881E387FBB00BC47BA = {
						CreatedOnToolsVersion = 8.2.1;
						DevelopmentTeam = 87JCH7AUCM;
						ProvisioningStyle = Automatic;
						TestTargetID = 7A3307741E387FBB00BC47BA;
					};
				};
			};
			buildConfigurationList = 7A3307701E387FBB00BC47BA /* Build configuration list for PBXProject "My Last Run" */;
			compatibilityVersion = "Xcode 3.2";
			developmentRegion = English;
			hasScannedForEncodings = 0;
			knownRegions = (
				en,
				Base,
			);
			mainGroup = 7A33076C1E387FBB00BC47BA;
			productRefGroup = 7A3307761E387FBB00BC47BA /* Products */;
			projectDirPath = "";
			projectRoot = "";
			targets = (
				7A3307741E387FBB00BC47BA /* My Last Run */,
				7A3307881E387FBB00BC47BA /* My Last RunTests */,
			);
		};
/* End PBXProject section */

/* Begin PBXResourcesBuildPhase section */
		7A3307731E387FBB00BC47BA /* Resources */ = {
			isa = PBXResourcesBuildPhase;
			buildActionMask = 2147483647;
			files = (
				7A0142561E614D2400D9B06E /* WalkwayObliqueBlack.ttf in Resources */,
				7A0142641E615AA600D9B06E /* OstrichSans-Black.otf in Resources */,
				7AF6FB771E3CF77000DB520B /* aqua.ttf in Resources */,
				7A3307831E387FBB00BC47BA /* LaunchScreen.storyboard in Resources */,
				7A0142521E614AB300D9B06E /* Streetwear.otf in Resources */,
				7A0142581E614D5900D9B06E /* WalkwayExpandSemiBold.ttf in Resources */,
				7A0142621E615A7A00D9B06E /* OstrichSans-Medium.otf in Resources */,
				7A3307801E387FBB00BC47BA /* Assets.xcassets in Resources */,
				7A01424E1E61456E00D9B06E /* Copperplate.ttc in Resources */,
				7A33077E1E387FBB00BC47BA /* Main.storyboard in Resources */,
				7A01425E1E6157DA00D9B06E /* LeagueGothic-CondensedRegular.otf in Resources */,
				7A0142541E614BF900D9B06E /* Nexa Bold.otf in Resources */,
				7A01424C1E5FFFF100D9B06E /* SnellRoundhand.ttc in Resources */,
			);
			runOnlyForDeploymentPostprocessing = 0;
		};
		7A3307871E387FBB00BC47BA /* Resources */ = {
			isa = PBXResourcesBuildPhase;
			buildActionMask = 2147483647;
			files = (
			);
			runOnlyForDeploymentPostprocessing = 0;
		};
/* End PBXResourcesBuildPhase section */

/* Begin PBXSourcesBuildPhase section */
		7A3307711E387FBB00BC47BA /* Sources */ = {
			isa = PBXSourcesBuildPhase;
			buildActionMask = 2147483647;
			files = (
				7A33077B1E387FBB00BC47BA /* ViewController.swift in Sources */,
				7A3307791E387FBB00BC47BA /* AppDelegate.swift in Sources */,
				7AD2B7E41E58C8CC00612025 /* AddWorkoutViewController.swift in Sources */,
				7AD952C61E518A7200BE7C56 /* HealthKitManager.swift in Sources */,
				7A4AD4B91E3B362B00A79076 /* PhotoPickerViewController.swift in Sources */,
			);
			runOnlyForDeploymentPostprocessing = 0;
		};
		7A3307851E387FBB00BC47BA /* Sources */ = {
			isa = PBXSourcesBuildPhase;
			buildActionMask = 2147483647;
			files = (
				7A33078E1E387FBB00BC47BA /* MyLastRunTests.swift in Sources */,
			);
			runOnlyForDeploymentPostprocessing = 0;
		};
/* End PBXSourcesBuildPhase section */

/* Begin PBXTargetDependency section */
		7A33078B1E387FBB00BC47BA /* PBXTargetDependency */ = {
			isa = PBXTargetDependency;
			target = 7A3307741E387FBB00BC47BA /* My Last Run */;
			targetProxy = 7A33078A1E387FBB00BC47BA /* PBXContainerItemProxy */;
		};
/* End PBXTargetDependency section */

/* Begin PBXVariantGroup section */
		7A33077C1E387FBB00BC47BA /* Main.storyboard */ = {
			isa = PBXVariantGroup;
			children = (
				7A33077D1E387FBB00BC47BA /* Base */,
			);
			name = Main.storyboard;
			sourceTree = "<group>";
		};
		7A3307811E387FBB00BC47BA /* LaunchScreen.storyboard */ = {
			isa = PBXVariantGroup;
			children = (
				7A3307821E387FBB00BC47BA /* Base */,
			);
			name = LaunchScreen.storyboard;
			sourceTree = "<group>";
		};
/* End PBXVariantGroup section */

/* Begin XCBuildConfiguration section */
		7A3307901E387FBB00BC47BA /* Debug */ = {
			isa = XCBuildConfiguration;
			buildSettings = {
				ALWAYS_SEARCH_USER_PATHS = NO;
				CLANG_ANALYZER_NONNULL = YES;
				CLANG_CXX_LANGUAGE_STANDARD = "gnu++0x";
				CLANG_CXX_LIBRARY = "libc++";
				CLANG_ENABLE_MODULES = YES;
				CLANG_ENABLE_OBJC_ARC = YES;
				CLANG_WARN_BOOL_CONVERSION = YES;
				CLANG_WARN_CONSTANT_CONVERSION = YES;
				CLANG_WARN_DIRECT_OBJC_ISA_USAGE = YES_ERROR;
				CLANG_WARN_DOCUMENTATION_COMMENTS = YES;
				CLANG_WARN_EMPTY_BODY = YES;
				CLANG_WARN_ENUM_CONVERSION = YES;
				CLANG_WARN_INFINITE_RECURSION = YES;
				CLANG_WARN_INT_CONVERSION = YES;
				CLANG_WARN_OBJC_ROOT_CLASS = YES_ERROR;
				CLANG_WARN_SUSPICIOUS_MOVE = YES;
				CLANG_WARN_UNREACHABLE_CODE = YES;
				CLANG_WARN__DUPLICATE_METHOD_MATCH = YES;
				"CODE_SIGN_IDENTITY[sdk=iphoneos*]" = "iPhone Developer";
				COPY_PHASE_STRIP = NO;
				DEBUG_INFORMATION_FORMAT = dwarf;
				ENABLE_STRICT_OBJC_MSGSEND = YES;
				ENABLE_TESTABILITY = YES;
				GCC_C_LANGUAGE_STANDARD = gnu99;
				GCC_DYNAMIC_NO_PIC = NO;
				GCC_NO_COMMON_BLOCKS = YES;
				GCC_OPTIMIZATION_LEVEL = 0;
				GCC_PREPROCESSOR_DEFINITIONS = (
					"DEBUG=1",
					"$(inherited)",
				);
				GCC_WARN_64_TO_32_BIT_CONVERSION = YES;
				GCC_WARN_ABOUT_RETURN_TYPE = YES_ERROR;
				GCC_WARN_UNDECLARED_SELECTOR = YES;
				GCC_WARN_UNINITIALIZED_AUTOS = YES_AGGRESSIVE;
				GCC_WARN_UNUSED_FUNCTION = YES;
				GCC_WARN_UNUSED_VARIABLE = YES;
				IPHONEOS_DEPLOYMENT_TARGET = 10.2;
				MTL_ENABLE_DEBUG_INFO = YES;
				ONLY_ACTIVE_ARCH = YES;
				SDKROOT = iphoneos;
				SWIFT_ACTIVE_COMPILATION_CONDITIONS = DEBUG;
				SWIFT_OPTIMIZATION_LEVEL = "-Onone";
				TARGETED_DEVICE_FAMILY = "1,2";
			};
			name = Debug;
		};
		7A3307911E387FBB00BC47BA /* Release */ = {
			isa = XCBuildConfiguration;
			buildSettings = {
				ALWAYS_SEARCH_USER_PATHS = NO;
				CLANG_ANALYZER_NONNULL = YES;
				CLANG_CXX_LANGUAGE_STANDARD = "gnu++0x";
				CLANG_CXX_LIBRARY = "libc++";
				CLANG_ENABLE_MODULES = YES;
				CLANG_ENABLE_OBJC_ARC = YES;
				CLANG_WARN_BOOL_CONVERSION = YES;
				CLANG_WARN_CONSTANT_CONVERSION = YES;
				CLANG_WARN_DIRECT_OBJC_ISA_USAGE = YES_ERROR;
				CLANG_WARN_DOCUMENTATION_COMMENTS = YES;
				CLANG_WARN_EMPTY_BODY = YES;
				CLANG_WARN_ENUM_CONVERSION = YES;
				CLANG_WARN_INFINITE_RECURSION = YES;
				CLANG_WARN_INT_CONVERSION = YES;
				CLANG_WARN_OBJC_ROOT_CLASS = YES_ERROR;
				CLANG_WARN_SUSPICIOUS_MOVE = YES;
				CLANG_WARN_UNREACHABLE_CODE = YES;
				CLANG_WARN__DUPLICATE_METHOD_MATCH = YES;
				"CODE_SIGN_IDENTITY[sdk=iphoneos*]" = "iPhone Developer";
				COPY_PHASE_STRIP = NO;
				DEBUG_INFORMATION_FORMAT = "dwarf-with-dsym";
				ENABLE_NS_ASSERTIONS = NO;
				ENABLE_STRICT_OBJC_MSGSEND = YES;
				GCC_C_LANGUAGE_STANDARD = gnu99;
				GCC_NO_COMMON_BLOCKS = YES;
				GCC_WARN_64_TO_32_BIT_CONVERSION = YES;
				GCC_WARN_ABOUT_RETURN_TYPE = YES_ERROR;
				GCC_WARN_UNDECLARED_SELECTOR = YES;
				GCC_WARN_UNINITIALIZED_AUTOS = YES_AGGRESSIVE;
				GCC_WARN_UNUSED_FUNCTION = YES;
				GCC_WARN_UNUSED_VARIABLE = YES;
				IPHONEOS_DEPLOYMENT_TARGET = 10.2;
				MTL_ENABLE_DEBUG_INFO = NO;
				SDKROOT = iphoneos;
				SWIFT_OPTIMIZATION_LEVEL = "-Owholemodule";
				TARGETED_DEVICE_FAMILY = "1,2";
				VALIDATE_PRODUCT = YES;
			};
			name = Release;
		};
		7A3307931E387FBB00BC47BA /* Debug */ = {
			isa = XCBuildConfiguration;
			buildSettings = {
				ASSETCATALOG_COMPILER_APPICON_NAME = AppIcon;
				CODE_SIGN_ENTITLEMENTS = "My Last Run.entitlements";
				DEVELOPMENT_TEAM = 87JCH7AUCM;
				INFOPLIST_FILE = MyLastRun/Info.plist;
				IPHONEOS_DEPLOYMENT_TARGET = 9.0;
				LD_RUNPATH_SEARCH_PATHS = "$(inherited) @executable_path/Frameworks";
				PRODUCT_BUNDLE_IDENTIFIER = com.uiuxartist.mylastrun;
				PRODUCT_NAME = "$(TARGET_NAME)";
				SWIFT_VERSION = 3.0;
				TARGETED_DEVICE_FAMILY = 1;
			};
			name = Debug;
		};
		7A3307941E387FBB00BC47BA /* Release */ = {
			isa = XCBuildConfiguration;
			buildSettings = {
				ASSETCATALOG_COMPILER_APPICON_NAME = AppIcon;
				CODE_SIGN_ENTITLEMENTS = "My Last Run.entitlements";
				DEVELOPMENT_TEAM = 87JCH7AUCM;
				INFOPLIST_FILE = MyLastRun/Info.plist;
				IPHONEOS_DEPLOYMENT_TARGET = 9.0;
				LD_RUNPATH_SEARCH_PATHS = "$(inherited) @executable_path/Frameworks";
				PRODUCT_BUNDLE_IDENTIFIER = com.uiuxartist.mylastrun;
				PRODUCT_NAME = "$(TARGET_NAME)";
				SWIFT_VERSION = 3.0;
				TARGETED_DEVICE_FAMILY = 1;
			};
			name = Release;
		};
		7A3307961E387FBB00BC47BA /* Debug */ = {
			isa = XCBuildConfiguration;
			buildSettings = {
				ALWAYS_EMBED_SWIFT_STANDARD_LIBRARIES = YES;
				BUNDLE_LOADER = "$(TEST_HOST)";
				DEVELOPMENT_TEAM = 87JCH7AUCM;
				INFOPLIST_FILE = MyLastRunTests/Info.plist;
				LD_RUNPATH_SEARCH_PATHS = "$(inherited) @executable_path/Frameworks @loader_path/Frameworks";
				PRODUCT_BUNDLE_IDENTIFIER = com.example.MyLastRunTests;
				PRODUCT_NAME = "$(TARGET_NAME)";
				SWIFT_VERSION = 3.0;
				TEST_HOST = "$(BUILT_PRODUCTS_DIR)/My Last Run.app/My Last Run";
			};
			name = Debug;
		};
		7A3307971E387FBB00BC47BA /* Release */ = {
			isa = XCBuildConfiguration;
			buildSettings = {
				ALWAYS_EMBED_SWIFT_STANDARD_LIBRARIES = YES;
				BUNDLE_LOADER = "$(TEST_HOST)";
				DEVELOPMENT_TEAM = 87JCH7AUCM;
				INFOPLIST_FILE = MyLastRunTests/Info.plist;
				LD_RUNPATH_SEARCH_PATHS = "$(inherited) @executable_path/Frameworks @loader_path/Frameworks";
				PRODUCT_BUNDLE_IDENTIFIER = com.example.MyLastRunTests;
				PRODUCT_NAME = "$(TARGET_NAME)";
				SWIFT_VERSION = 3.0;
				TEST_HOST = "$(BUILT_PRODUCTS_DIR)/My Last Run.app/My Last Run";
			};
			name = Release;
		};
/* End XCBuildConfiguration section */

/* Begin XCConfigurationList section */
		7A3307701E387FBB00BC47BA /* Build configuration list for PBXProject "My Last Run" */ = {
			isa = XCConfigurationList;
			buildConfigurations = (
				7A3307901E387FBB00BC47BA /* Debug */,
				7A3307911E387FBB00BC47BA /* Release */,
			);
			defaultConfigurationIsVisible = 0;
			defaultConfigurationName = Release;
		};
		7A3307921E387FBB00BC47BA /* Build configuration list for PBXNativeTarget "My Last Run" */ = {
			isa = XCConfigurationList;
			buildConfigurations = (
				7A3307931E387FBB00BC47BA /* Debug */,
				7A3307941E387FBB00BC47BA /* Release */,
			);
			defaultConfigurationIsVisible = 0;
			defaultConfigurationName = Release;
		};
		7A3307951E387FBB00BC47BA /* Build configuration list for PBXNativeTarget "My Last RunTests" */ = {
			isa = XCConfigurationList;
			buildConfigurations = (
				7A3307961E387FBB00BC47BA /* Debug */,
				7A3307971E387FBB00BC47BA /* Release */,
			);
			defaultConfigurationIsVisible = 0;
			defaultConfigurationName = Release;
		};
/* End XCConfigurationList section */
	};
	rootObject = 7A33076D1E387FBB00BC47BA /* Project object */;
}
